
Microsoft Visual Studio Solution File, Format Version 12.00
# Visual Studio Version 17
VisualStudioVersion = 17.12.35728.132 d17.12
MinimumVisualStudioVersion = 10.0.40219.1
Project("{FAE04EC0-301F-11D3-BF4B-00C04F79EFBC}") = "Test1", "Test1\Test1.csproj", "{5EBF094A-23A0-4496-9D70-B026DDCD0D63}"
EndProject
Project("{FAE04EC0-301F-11D3-BF4B-00C04F79EFBC}") = "Test2", "Test2\Test2.csproj", "{456810BD-CE0A-44C8-9A3F-C81B8A2E50DE}"
EndProject
Project("{FAE04EC0-301F-11D3-BF4B-00C04F79EFBC}") = "Test3", "Test3\Test3.csproj", "{954F052B-66D1-41A1-9781-4B4087A2BB7B}"
EndProject
Project("{FAE04EC0-301F-11D3-BF4B-00C04F79EFBC}") = "Test3.Tests", "Test3.Tests\Test3.Tests.csproj", "{1AFA13D4-2CF4-4A74-98CF-537A265C2FB9}"
EndProject
Global
	GlobalSection(SolutionConfigurationPlatforms) = preSolution
		Debug|Any CPU = Debug|Any CPU
		Release|Any CPU = Release|Any CPU
	EndGlobalSection
	GlobalSection(ProjectConfigurationPlatforms) = postSolution
		{5EBF094A-23A0-4496-9D70-B026DDCD0D63}.Debug|Any CPU.ActiveCfg = Debug|Any CPU
		{5EBF094A-23A0-4496-9D70-B026DDCD0D63}.Debug|Any CPU.Build.0 = Debug|Any CPU
		{5EBF094A-23A0-4496-9D70-B026DDCD0D63}.Release|Any CPU.ActiveCfg = Release|Any CPU
		{5EBF094A-23A0-4496-9D70-B026DDCD0D63}.Release|Any CPU.Build.0 = Release|Any CPU
		{456810BD-CE0A-44C8-9A3F-C81B8A2E50DE}.Debug|Any CPU.ActiveCfg = Debug|Any CPU
		{456810BD-CE0A-44C8-9A3F-C81B8A2E50DE}.Debug|Any CPU.Build.0 = Debug|Any CPU
		{456810BD-CE0A-44C8-9A3F-C81B8A2E50DE}.Release|Any CPU.ActiveCfg = Release|Any CPU
		{456810BD-CE0A-44C8-9A3F-C81B8A2E50DE}.Release|Any CPU.Build.0 = Release|Any CPU
		{954F052B-66D1-41A1-9781-4B4087A2BB7B}.Debug|Any CPU.ActiveCfg = Debug|Any CPU
		{954F052B-66D1-41A1-9781-4B4087A2BB7B}.Debug|Any CPU.Build.0 = Debug|Any CPU
		{954F052B-66D1-41A1-9781-4B4087A2BB7B}.Release|Any CPU.ActiveCfg = Release|Any CPU
		{954F052B-66D1-41A1-9781-4B4087A2BB7B}.Release|Any CPU.Build.0 = Release|Any CPU
		{1AFA13D4-2CF4-4A74-98CF-537A265C2FB9}.Debug|Any CPU.ActiveCfg = Debug|Any CPU
		{1AFA13D4-2CF4-4A74-98CF-537A265C2FB9}.Debug|Any CPU.Build.0 = Debug|Any CPU
		{1AFA13D4-2CF4-4A74-98CF-537A265C2FB9}.Release|Any CPU.ActiveCfg = Release|Any CPU
		{1AFA13D4-2CF4-4A74-98CF-537A265C2FB9}.Release|Any CPU.Build.0 = Release|Any CPU
	EndGlobalSection
	GlobalSection(SolutionProperties) = preSolution
		HideSolutionNode = FALSE
	EndGlobalSection
EndGlobal
